dependencies:
  espressif/cjson:
    component_hash: 
      9372811fb197926f522c467627cf4a8e72b681e0366e17879631da801103aef3
    dependencies:
    - name: idf
      require: private
      version: '>=5.0'
    source:
      registry_url: https://components.espressif.com/
      type: service
    version: 1.7.19
  espressif/esp_lcd_touch:
    component_hash: 
      cf4741f4903bdfe83c0a6606cb33314957e78605398954154f247e03acfd306b
    dependencies:
    - name: idf
      require: private
      version: '>=4.4.2'
    source:
      registry_url: https://components.espressif.com
      type: service
    version: 1.2.0
  espressif/esp_lcd_touch_gt911:
    component_hash: 
      bb9676973f0473bb1d5670230006542fc7cb950b415abad007198a0d33a73709
    dependencies:
    - name: espressif/esp_lcd_touch
      registry_url: https://components.espressif.com
      require: public
      version: ^1.2.0
    - name: idf
      require: private
      version: '>=4.4.2'
    source:
      registry_url: https://components.espressif.com/
      type: service
    version: 1.2.0
  idf:
    source:
      type: idf
    version: 6.1.0
  lvgl/lvgl:
    component_hash: 
      17e68bfd21f0edf4c3ee838e2273da840bf3930e5dbc3bfa6c1190c3aed41f9f
    dependencies: []
    source:
      registry_url: https://components.espressif.com/
      type: service
    version: 9.4.0
direct_dependencies:
- espressif/cjson
- espressif/esp_lcd_touch_gt911
- lvgl/lvgl
manifest_hash: fa24751b4b9c0745e7b0b771c6ff5b890de87a817441d08c4d2ee0c648f91429
target: esp32s3
version: 2.0.0
